// !$*UTF8*$!
{
	archiveVersion = 1;
	classes = {
	};
	objectVersion = 77;
	objects = {

/* Begin PBXBuildFile section */
		583FFFED2F30903300E7724F /* Alamofire in Frameworks */ = {isa = PBXBuildFile; productRef = 583FFFEC2F30903300E7724F /* Alamofire */; };
/* End PBXBuildFile section */

/* Begin PBXContainerItemProxy section */
		583FFF5A2F2C7C3100E7724F /* PBXContainerItemProxy */ = {
			isa = PBXContainerItemProxy;
			containerPortal = 583FFF3B2F2C7C2F00E7724F /* Project object */;
			proxyType = 1;
			remoteGlobalIDString = 583FFF422F2C7C2F00E7724F;
			remoteInfo = CoinPriceProject;
		};
		583FFF642F2C7C3100E7724F /* PBXContainerItemProxy */ = {
			isa = PBXContainerItemProxy;
			containerPortal = 583FFF3B2F2C7C2F00E7724F /* Project object */;
			proxyType = 1;
			remoteGlobalIDString = 583FFF422F2C7C2F00E7724F;
			remoteInfo = CoinPriceProject;
		};
/* End PBXContainerItemProxy section */

/* Begin PBXFileReference section */
		583FFF432F2C7C2F00E7724F /* CoinPriceProject.app */ = {isa = PBXFileReference; explicitFileType = wrapper.application; includeInIndex = 0; path = CoinPriceProject.app; sourceTree = BUILT_PRODUCTS_DIR; };
		583FFF592F2C7C3100E7724F /* CoinPriceProjectTests.xctest */ = {isa = PBXFileReference; explicitFileType = wrapper.cfbundle; includeInIndex = 0; path = CoinPriceProjectTests.xctest; sourceTree = BUILT_PRODUCTS_DIR; };
		583FFF632F2C7C3100E7724F /* CoinPriceProjectUITests.xctest */ = {isa = PBXFileReference; explicitFileType = wrapper.cfbundle; includeInIndex = 0; path = CoinPriceProjectUITests.xctest; sourceTree = BUILT_PRODUCTS_DIR; };
/* End PBXFileReference section */

/* Begin PBXFileSystemSynchronizedBuildFileExceptionSet section */
		583FFF6B2F2C7C3100E7724F /* Exceptions for "CoinPriceProject" folder in "CoinPriceProject" target */ = {
			isa = PBXFileSystemSynchronizedBuildFileExceptionSet;
			membershipExceptions = (
				Info.plist,
			);
			target = 583FFF422F2C7C2F00E7724F /* CoinPriceProject */;
		};
/* End PBXFileSystemSynchronizedBuildFileExceptionSet section */

/* Begin PBXFileSystemSynchronizedRootGroup section */
		583FFF452F2C7C2F00E7724F /* CoinPriceProject */ = {
			isa = PBXFileSystemSynchronizedRootGroup;
			exceptions = (
				583FFF6B2F2C7C3100E7724F /* Exceptions for "CoinPriceProject" folder in "CoinPriceProject" target */,
			);
			path = CoinPriceProject;
			sourceTree = "<group>";
		};
		583FFF5C2F2C7C3100E7724F /* CoinPriceProjectTests */ = {
			isa = PBXFileSystemSynchronizedRootGroup;
			path = CoinPriceProjectTests;
			sourceTree = "<group>";
		};
		583FFF662F2C7C3100E7724F /* CoinPriceProjectUITests */ = {
			isa = PBXFileSystemSynchronizedRootGroup;
			path = CoinPriceProjectUITests;
			sourceTree = "<group>";
		};
/* End PBXFileSystemSynchronizedRootGroup section */

/* Begin PBXFrameworksBuildPhase section */
		583FFF402F2C7C2F00E7724F /* Frameworks */ = {
			isa = PBXFrameworksBuildPhase;
			buildActionMask = 2147483647;
			files = (
				583FFFED2F30903300E7724F /* Alamofire in Frameworks */,
			);
			runOnlyForDeploymentPostprocessing = 0;
		};
		583FFF562F2C7C3100E7724F /* Frameworks */ = {
			isa = PBXFrameworksBuildPhase;
			buildActionMask = 2147483647;
			files = (
			);
			runOnlyForDeploymentPostprocessing = 0;
		};
		583FFF602F2C7C3100E7724F /* Frameworks */ = {
			isa = PBXFrameworksBuildPhase;
			buildActionMask = 2147483647;
			files = (
			);
			runOnlyForDeploymentPostprocessing = 0;
		};
/* End PBXFrameworksBuildPhase section */

/* Begin PBXGroup section */
		583FFF3A2F2C7C2F00E7724F = {
			isa = PBXGroup;
			children = (
				583FFF452F2C7C2F00E7724F /* CoinPriceProject */,
				583FFF5C2F2C7C3100E7724F /* CoinPriceProjectTests */,
				583FFF662F2C7C3100E7724F /* CoinPriceProjectUITests */,
				583FFF442F2C7C2F00E7724F /* Products */,
			);
			sourceTree = "<group>";
		};
		583FFF442F2C7C2F00E7724F /* Products */ = {
			isa = PBXGroup;
			children = (
				583FFF432F2C7C2F00E7724F /* CoinPriceProject.app */,
				583FFF592F2C7C3100E7724F /* CoinPriceProjectTests.xctest */,
				583FFF632F2C7C3100E7724F /* CoinPriceProjectUITests.xctest */,
			);
			name = Products;
			sourceTree = "<group>";
		};
/* End PBXGroup section */

/* Begin PBXNativeTarget section */
		583FFF422F2C7C2F00E7724F /* CoinPriceProject */ = {
			isa = PBXNativeTarget;
			buildConfigurationList = 583FFF6C2F2C7C3100E7724F /* Build configuration list for PBXNativeTarget "CoinPriceProject" */;
			buildPhases = (
				583FFF3F2F2C7C2F00E7724F /* Sources */,
				583FFF402F2C7C2F00E7724F /* Frameworks */,
				583FFF412F2C7C2F00E7724F /* Resources */,
			);
			buildRules = (
			);
			dependencies = (
			);
			fileSystemSynchronizedGroups = (
				583FFF452F2C7C2F00E7724F /* CoinPriceProject */,
			);
			name = CoinPriceProject;
			packageProductDependencies = (
				583FFFEC2F30903300E7724F /* Alamofire */,
			);
			productName = CoinPriceProject;
			productReference = 583FFF432F2C7C2F00E7724F /* CoinPriceProject.app */;
			productType = "com.apple.product-type.application";
		};
		583FFF582F2C7C3100E7724F /* CoinPriceProjectTests */ = {
			isa = PBXNativeTarget;
			buildConfigurationList = 583FFF712F2C7C3100E7724F /* Build configuration list for PBXNativeTarget "CoinPriceProjectTests" */;
			buildPhases = (
				583FFF552F2C7C3100E7724F /* Sources */,
				583FFF562F2C7C3100E7724F /* Frameworks */,
				583FFF572F2C7C3100E7724F /* Resources */,
			);
			buildRules = (
			);
			dependencies = (
				583FFF5B2F2C7C3100E7724F /* PBXTargetDependency */,
			);
			fileSystemSynchronizedGroups = (
				583FFF5C2F2C7C3100E7724F /* CoinPriceProjectTests */,
			);
			name = CoinPriceProjectTests;
			packageProductDependencies = (
			);
			productName = CoinPriceProjectTests;
			productReference = 583FFF592F2C7C3100E7724F /* CoinPriceProjectTests.xctest */;
			productType = "com.apple.product-type.bundle.unit-test";
		};
		583FFF622F2C7C3100E7724F /* CoinPriceProjectUITests */ = {
			isa = PBXNativeTarget;
			buildConfigurationList = 583FFF742F2C7C3100E7724F /* Build configuration list for PBXNativeTarget "CoinPriceProjectUITests" */;
			buildPhases = (
				583FFF5F2F2C7C3100E7724F /* Sources */,
				583FFF602F2C7C3100E7724F /* Frameworks */,
				583FFF612F2C7C3100E7724F /* Resources */,
			);
			buildRules = (
			);
			dependencies = (
				583FFF652F2C7C3100E7724F /* PBXTargetDependency */,
			);
			fileSystemSynchronizedGroups = (
				583FFF662F2C7C3100E7724F /* CoinPriceProjectUITests */,
			);
			name = CoinPriceProjectUITests;
			packageProductDependencies = (
			);
			productName = CoinPriceProjectUITests;
			productReference = 583FFF632F2C7C3100E7724F /* CoinPriceProjectUITests.xctest */;
			productType = "com.apple.product-type.bundle.ui-testing";
		};
/* End PBXNativeTarget section */

/* Begin PBXProject section */
		583FFF3B2F2C7C2F00E7724F /* Project object */ = {
			isa = PBXProject;
			attributes = {
				BuildIndependentTargetsInParallel = 1;
				LastSwiftUpdateCheck = 1640;
				LastUpgradeCheck = 1640;
				TargetAttributes = {
					583FFF422F2C7C2F00E7724F = {
						CreatedOnToolsVersion = 16.4;
					};
					583FFF582F2C7C3100E7724F = {
						CreatedOnToolsVersion = 16.4;
						TestTargetID = 583FFF422F2C7C2F00E7724F;
					};
					583FFF622F2C7C3100E7724F = {
						CreatedOnToolsVersion = 16.4;
						TestTargetID = 583FFF422F2C7C2F00E7724F;
					};
				};
			};
			buildConfigurationList = 583FFF3E2F2C7C2F00E7724F /* Build configuration list for PBXProject "CoinPriceProject" */;
			developmentRegion = en;
			hasScannedForEncodings = 0;
			knownRegions = (
				en,
				Base,
			);
			mainGroup = 583FFF3A2F2C7C2F00E7724F;
			minimizedProjectReferenceProxies = 1;
			packageReferences = (
				583FFFEB2F30903300E7724F /* XCRemoteSwiftPackageReference "Alamofire" */,
			);
			preferredProjectObjectVersion = 77;
			productRefGroup = 583FFF442F2C7C2F00E7724F /* Products */;
			projectDirPath = "";
			projectRoot = "";
			targets = (
				583FFF422F2C7C2F00E7724F /* CoinPriceProject */,
				583FFF582F2C7C3100E7724F /* CoinPriceProjectTests */,
				583FFF622F2C7C3100E7724F /* CoinPriceProjectUITests */,
			);
		};
/* End PBXProject section */

/* Begin PBXResourcesBuildPhase section */
		583FFF412F2C7C2F00E7724F /* Resources */ = {
			isa = PBXResourcesBuildPhase;
			buildActionMask = 2147483647;
			files = (
			);
			runOnlyForDeploymentPostprocessing = 0;
		};
		583FFF572F2C7C3100E7724F /* Resources */ = {
			isa = PBXResourcesBuildPhase;
			buildActionMask = 2147483647;
			files = (
			);
			runOnlyForDeploymentPostprocessing = 0;
		};
		583FFF612F2C7C3100E7724F /* Resources */ = {
			isa = PBXResourcesBuildPhase;
			buildActionMask = 2147483647;
			files = (
			);
			runOnlyForDeploymentPostprocessing = 0;
		};
/* End PBXResourcesBuildPhase section */

/* Begin PBXSourcesBuildPhase section */
		583FFF3F2F2C7C2F00E7724F /* Sources */ = {
			isa = PBXSourcesBuildPhase;
			buildActionMask = 2147483647;
			files = (
			);
			runOnlyForDeploymentPostprocessing = 0;
		};
		583FFF552F2C7C3100E7724F /* Sources */ = {
			isa = PBXSourcesBuildPhase;
			buildActionMask = 2147483647;
			files = (
			);
			runOnlyForDeploymentPostprocessing = 0;
		};
		583FFF5F2F2C7C3100E7724F /* Sources */ = {
			isa = PBXSourcesBuildPhase;
			buildActionMask = 2147483647;
			files = (
			);
			runOnlyForDeploymentPostprocessing = 0;
		};
/* End PBXSourcesBuildPhase section */

/* Begin PBXTargetDependency section */
		583FFF5B2F2C7C3100E7724F /* PBXTargetDependency */ = {
			isa = PBXTargetDependency;
			target = 583FFF422F2C7C2F00E7724F /* CoinPriceProject */;
			targetProxy = 583FFF5A2F2C7C3100E7724F /* PBXContainerItemProxy */;
		};
		583FFF652F2C7C3100E7724F /* PBXTargetDependency */ = {
			isa = PBXTargetDependency;
			target = 583FFF422F2C7C2F00E7724F /* CoinPriceProject */;
			targetProxy = 583FFF642F2C7C3100E7724F /* PBXContainerItemProxy */;
		};
/* End PBXTargetDependency section */

/* Begin XCBuildConfiguration section */
		583FFF6D2F2C7C3100E7724F /* Debug */ = {
			isa = XCBuildConfiguration;
			buildSettings = {
				ASSETCATALOG_COMPILER_APPICON_NAME = AppIcon;
				ASSETCATALOG_COMPILER_GLOBAL_ACCENT_COLOR_NAME = AccentColor;
				CODE_SIGN_STYLE = Automatic;
				CURRENT_PROJECT_VERSION = 1;
				GENERATE_INFOPLIST_FILE = YES;
				INFOPLIST_FILE = CoinPriceProject/Info.plist;
				INFOPLIST_KEY_UIApplicationSupportsIndirectInputEvents = YES;
				INFOPLIST_KEY_UILaunchStoryboardName = LaunchScreen;
				INFOPLIST_KEY_UIMainStoryboardFile = Main;
				INFOPLIST_KEY_UISupportedInterfaceOrientations_iPad = "UIInterfaceOrientationPortrait UIInterfaceOrientationPortraitUpsideDown UIInterfaceOrientationLandscapeLeft UIInterfaceOrientationLandscapeRight";
				INFOPLIST_KEY_UISupportedInterfaceOrientations_iPhone = "UIInterfaceOrientationPortrait UIInterfaceOrientationLandscapeLeft UIInterfaceOrientationLandscapeRight";
				LD_RUNPATH_SEARCH_PATHS = (
					"$(inherited)",
					"@executable_path/Frameworks",
				);
				MARKETING_VERSION = 1.0;
				PRODUCT_BUNDLE_IDENTIFIER = ko.co.test.CoinPriceProject;
				PRODUCT_NAME = "$(TARGET_NAME)";
				SWIFT_EMIT_LOC_STRINGS = YES;
				SWIFT_VERSION = 5.0;
				TARGETED_DEVICE_FAMILY = "1,2";
			};
			name = Debug;
		};
		583FFF6E2F2C7C3100E7724F /* Release */ = {
			isa = XCBuildConfiguration;
			buildSettings = {
				ASSETCATALOG_COMPILER_APPICON_NAME = AppIcon;
				ASSETCATALOG_COMPILER_GLOBAL_ACCENT_COLOR_NAME = AccentColor;
				CODE_SIGN_STYLE = Automatic;
				CURRENT_PROJECT_VERSION = 1;
				GENERATE_INFOPLIST_FILE = YES;
				INFOPLIST_FILE = CoinPriceProject/Info.plist;
				INFOPLIST_KEY_UIApplicationSupportsIndirectInputEvents = YES;
				INFOPLIST_KEY_UILaunchStoryboardName = LaunchScreen;
				INFOPLIST_KEY_UIMainStoryboardFile = Main;
				INFOPLIST_KEY_UISupportedInterfaceOrientations_iPad = "UIInterfaceOrientationPortrait UIInterfaceOrientationPortraitUpsideDown UIInterfaceOrientationLandscapeLeft UIInterfaceOrientationLandscapeRight";
				INFOPLIST_KEY_UISupportedInterfaceOrientations_iPhone = "UIInterfaceOrientationPortrait UIInterfaceOrientationLandscapeLeft UIInterfaceOrientationLandscapeRight";
				LD_RUNPATH_SEARCH_PATHS = (
					"$(inherited)",
					"@executable_path/Frameworks",
				);
				MARKETING_VERSION = 1.0;
				PRODUCT_BUNDLE_IDENTIFIER = ko.co.test.CoinPriceProject;
				PRODUCT_NAME = "$(TARGET_NAME)";
				SWIFT_EMIT_LOC_STRINGS = YES;
				SWIFT_VERSION = 5.0;
				TARGETED_DEVICE_FAMILY = "1,2";
			};
			name = Release;
		};
		583FFF6F2F2C7C3100E7724F /* Debug */ = {
			isa = XCBuildConfiguration;
			buildSettings = {
				ALWAYS_SEARCH_USER_PATHS = NO;
				ASSETCATALOG_COMPILER_GENERATE_SWIFT_ASSET_SYMBOL_EXTENSIONS = YES;
				CLANG_ANALYZER_NONNULL = YES;
				CLANG_ANALYZER_NUMBER_OBJECT_CONVERSION = YES_AGGRESSIVE;
				CLANG_CXX_LANGUAGE_STANDARD = "gnu++20";
				CLANG_ENABLE_MODULES = YES;
				CLANG_ENABLE_OBJC_ARC = YES;
				CLANG_ENABLE_OBJC_WEAK = YES;
				CLANG_WARN_BLOCK_CAPTURE_AUTORELEASING = YES;
				CLANG_WARN_BOOL_CONVERSION = YES;
				CLANG_WARN_COMMA = YES;
				CLANG_WARN_CONSTANT_CONVERSION = YES;
				CLANG_WARN_DEPRECATED_OBJC_IMPLEMENTATIONS = YES;
				CLANG_WARN_DIRECT_OBJC_ISA_USAGE = YES_ERROR;
				CLANG_WARN_DOCUMENTATION_COMMENTS = YES;
				CLANG_WARN_EMPTY_BODY = YES;
				CLANG_WARN_ENUM_CONVERSION = YES;
				CLANG_WARN_INFINITE_RECURSION = YES;
				CLANG_WARN_INT_CONVERSION = YES;
				CLANG_WARN_NON_LITERAL_NULL_CONVERSION = YES;
				CLANG_WARN_OBJC_IMPLICIT_RETAIN_SELF = YES;
				CLANG_WARN_OBJC_LITERAL_CONVERSION = YES;
				CLANG_WARN_OBJC_ROOT_CLASS = YES_ERROR;
				CLANG_WARN_QUOTED_INCLUDE_IN_FRAMEWORK_HEADER = YES;
				CLANG_WARN_RANGE_LOOP_ANALYSIS = YES;
				CLANG_WARN_STRICT_PROTOTYPES = YES;
				CLANG_WARN_SUSPICIOUS_MOVE = YES;
				CLANG_WARN_UNGUARDED_AVAILABILITY = YES_AGGRESSIVE;
				CLANG_WARN_UNREACHABLE_CODE = YES;
				CLANG_WARN__DUPLICATE_METHOD_MATCH = YES;
				COPY_PHASE_STRIP = NO;
				DEBUG_INFORMATION_FORMAT = dwarf;
				ENABLE_STRICT_OBJC_MSGSEND = YES;
				ENABLE_TESTABILITY = YES;
				ENABLE_USER_SCRIPT_SANDBOXING = YES;
				GCC_C_LANGUAGE_STANDARD = gnu17;
				GCC_DYNAMIC_NO_PIC = NO;
				GCC_NO_COMMON_BLOCKS = YES;
				GCC_OPTIMIZATION_LEVEL = 0;
				GCC_PREPROCESSOR_DEFINITIONS = (
					"DEBUG=1",
					"$(inherited)",
				);
				GCC_WARN_64_TO_32_BIT_CONVERSION = YES;
				GCC_WARN_ABOUT_RETURN_TYPE = YES_ERROR;
				GCC_WARN_UNDECLARED_SELECTOR = YES;
				GCC_WARN_UNINITIALIZED_AUTOS = YES_AGGRESSIVE;
				GCC_WARN_UNUSED_FUNCTION = YES;
				GCC_WARN_UNUSED_VARIABLE = YES;
				IPHONEOS_DEPLOYMENT_TARGET = 18.5;
				LOCALIZATION_PREFERS_STRING_CATALOGS = YES;
				MTL_ENABLE_DEBUG_INFO = INCLUDE_SOURCE;
				MTL_FAST_MATH = YES;
				ONLY_ACTIVE_ARCH = YES;
				SDKROOT = iphoneos;
				SWIFT_ACTIVE_COMPILATION_CONDITIONS = "DEBUG $(inherited)";
				SWIFT_OPTIMIZATION_LEVEL = "-Onone";
			};
			name = Debug;
		};
		583FFF702F2C7C3100E7724F /* Release */ = {
			isa = XCBuildConfiguration;
			buildSettings = {
				ALWAYS_SEARCH_USER_PATHS = NO;
				ASSETCATALOG_COMPILER_GENERATE_SWIFT_ASSET_SYMBOL_EXTENSIONS = YES;
				CLANG_ANALYZER_NONNULL = YES;
				CLANG_ANALYZER_NUMBER_OBJECT_CONVERSION = YES_AGGRESSIVE;
				CLANG_CXX_LANGUAGE_STANDARD = "gnu++20";
				CLANG_ENABLE_MODULES = YES;
				CLANG_ENABLE_OBJC_ARC = YES;
				CLANG_ENABLE_OBJC_WEAK = YES;
				CLANG_WARN_BLOCK_CAPTURE_AUTORELEASING = YES;
				CLANG_WARN_BOOL_CONVERSION = YES;
				CLANG_WARN_COMMA = YES;
				CLANG_WARN_CONSTANT_CONVERSION = YES;
				CLANG_WARN_DEPRECATED_OBJC_IMPLEMENTATIONS = YES;
				CLANG_WARN_DIRECT_OBJC_ISA_USAGE = YES_ERROR;
				CLANG_WARN_DOCUMENTATION_COMMENTS = YES;
				CLANG_WARN_EMPTY_BODY = YES;
				CLANG_WARN_ENUM_CONVERSION = YES;
				CLANG_WARN_INFINITE_RECURSION = YES;
				CLANG_WARN_INT_CONVERSION = YES;
				CLANG_WARN_NON_LITERAL_NULL_CONVERSION = YES;
				CLANG_WARN_OBJC_IMPLICIT_RETAIN_SELF = YES;
				CLANG_WARN_OBJC_LITERAL_CONVERSION = YES;
				CLANG_WARN_OBJC_ROOT_CLASS = YES_ERROR;
				CLANG_WARN_QUOTED_INCLUDE_IN_FRAMEWORK_HEADER = YES;
				CLANG_WARN_RANGE_LOOP_ANALYSIS = YES;
				CLANG_WARN_STRICT_PROTOTYPES = YES;
				CLANG_WARN_SUSPICIOUS_MOVE = YES;
				CLANG_WARN_UNGUARDED_AVAILABILITY = YES_AGGRESSIVE;
				CLANG_WARN_UNREACHABLE_CODE = YES;
				CLANG_WARN__DUPLICATE_METHOD_MATCH = YES;
				COPY_PHASE_STRIP = NO;
				DEBUG_INFORMATION_FORMAT = "dwarf-with-dsym";
				ENABLE_NS_ASSERTIONS = NO;
				ENABLE_STRICT_OBJC_MSGSEND = YES;
				ENABLE_USER_SCRIPT_SANDBOXING = YES;
				GCC_C_LANGUAGE_STANDARD = gnu17;
				GCC_NO_COMMON_BLOCKS = YES;
				GCC_WARN_64_TO_32_BIT_CONVERSION = YES;
				GCC_WARN_ABOUT_RETURN_TYPE = YES_ERROR;
				GCC_WARN_UNDECLARED_SELECTOR = YES;
				GCC_WARN_UNINITIALIZED_AUTOS = YES_AGGRESSIVE;
				GCC_WARN_UNUSED_FUNCTION = YES;
				GCC_WARN_UNUSED_VARIABLE = YES;
				IPHONEOS_DEPLOYMENT_TARGET = 18.5;
				LOCALIZATION_PREFERS_STRING_CATALOGS = YES;
				MTL_ENABLE_DEBUG_INFO = NO;
				MTL_FAST_MATH = YES;
				SDKROOT = iphoneos;
				SWIFT_COMPILATION_MODE = wholemodule;
				VALIDATE_PRODUCT = YES;
			};
			name = Release;
		};
		583FFF722F2C7C3100E7724F /* Debug */ = {
			isa = XCBuildConfiguration;
			buildSettings = {
				BUNDLE_LOADER = "$(TEST_HOST)";
				CODE_SIGN_STYLE = Automatic;
				CURRENT_PROJECT_VERSION = 1;
				GENERATE_INFOPLIST_FILE = YES;
				IPHONEOS_DEPLOYMENT_TARGET = 18.5;
				MARKETING_VERSION = 1.0;
				PRODUCT_BUNDLE_IDENTIFIER = ko.co.test.CoinPriceProjectTests;
				PRODUCT_NAME = "$(TARGET_NAME)";
				SWIFT_EMIT_LOC_STRINGS = NO;
				SWIFT_VERSION = 5.0;
				TARGETED_DEVICE_FAMILY = "1,2";
				TEST_HOST = "$(BUILT_PRODUCTS_DIR)/CoinPriceProject.app/$(BUNDLE_EXECUTABLE_FOLDER_PATH)/CoinPriceProject";
			};
			name = Debug;
		};
		583FFF732F2C7C3100E7724F /* Release */ = {
			isa = XCBuildConfiguration;
			buildSettings = {
				BUNDLE_LOADER = "$(TEST_HOST)";
				CODE_SIGN_STYLE = Automatic;
				CURRENT_PROJECT_VERSION = 1;
				GENERATE_INFOPLIST_FILE = YES;
				IPHONEOS_DEPLOYMENT_TARGET = 18.5;
				MARKETING_VERSION = 1.0;
				PRODUCT_BUNDLE_IDENTIFIER = ko.co.test.CoinPriceProjectTests;
				PRODUCT_NAME = "$(TARGET_NAME)";
				SWIFT_EMIT_LOC_STRINGS = NO;
				SWIFT_VERSION = 5.0;
				TARGETED_DEVICE_FAMILY = "1,2";
				TEST_HOST = "$(BUILT_PRODUCTS_DIR)/CoinPriceProject.app/$(BUNDLE_EXECUTABLE_FOLDER_PATH)/CoinPriceProject";
			};
			name = Release;
		};
		583FFF752F2C7C3100E7724F /* Debug */ = {
			isa = XCBuildConfiguration;
			buildSettings = {
				CODE_SIGN_STYLE = Automatic;
				CURRENT_PROJECT_VERSION = 1;
				GENERATE_INFOPLIST_FILE = YES;
				MARKETING_VERSION = 1.0;
				PRODUCT_BUNDLE_IDENTIFIER = ko.co.test.CoinPriceProjectUITests;
				PRODUCT_NAME = "$(TARGET_NAME)";
				SWIFT_EMIT_LOC_STRINGS = NO;
				SWIFT_VERSION = 5.0;
				TARGETED_DEVICE_FAMILY = "1,2";
				TEST_TARGET_NAME = CoinPriceProject;
			};
			name = Debug;
		};
		583FFF762F2C7C3100E7724F /* Release */ = {
			isa = XCBuildConfiguration;
			buildSettings = {
				CODE_SIGN_STYLE = Automatic;
				CURRENT_PROJECT_VERSION = 1;
				GENERATE_INFOPLIST_FILE = YES;
				MARKETING_VERSION = 1.0;
				PRODUCT_BUNDLE_IDENTIFIER = ko.co.test.CoinPriceProjectUITests;
				PRODUCT_NAME = "$(TARGET_NAME)";
				SWIFT_EMIT_LOC_STRINGS = NO;
				SWIFT_VERSION = 5.0;
				TARGETED_DEVICE_FAMILY = "1,2";
				TEST_TARGET_NAME = CoinPriceProject;
			};
			name = Release;
		};
/* End XCBuildConfiguration section */

/* Begin XCConfigurationList section */
		583FFF3E2F2C7C2F00E7724F /* Build configuration list for PBXProject "CoinPriceProject" */ = {
			isa = XCConfigurationList;
			buildConfigurations = (
				583FFF6F2F2C7C3100E7724F /* Debug */,
				583FFF702F2C7C3100E7724F /* Release */,
			);
			defaultConfigurationIsVisible = 0;
			defaultConfigurationName = Release;
		};
		583FFF6C2F2C7C3100E7724F /* Build configuration list for PBXNativeTarget "CoinPriceProject" */ = {
			isa = XCConfigurationList;
			buildConfigurations = (
				583FFF6D2F2C7C3100E7724F /* Debug */,
				583FFF6E2F2C7C3100E7724F /* Release */,
			);
			defaultConfigurationIsVisible = 0;
			defaultConfigurationName = Release;
		};
		583FFF712F2C7C3100E7724F /* Build configuration list for PBXNativeTarget "CoinPriceProjectTests" */ = {
			isa = XCConfigurationList;
			buildConfigurations = (
				583FFF722F2C7C3100E7724F /* Debug */,
				583FFF732F2C7C3100E7724F /* Release */,
			);
			defaultConfigurationIsVisible = 0;
			defaultConfigurationName = Release;
		};
		583FFF742F2C7C3100E7724F /* Build configuration list for PBXNativeTarget "CoinPriceProjectUITests" */ = {
			isa = XCConfigurationList;
			buildConfigurations = (
				583FFF752F2C7C3100E7724F /* Debug */,
				583FFF762F2C7C3100E7724F /* Release */,
			);
			defaultConfigurationIsVisible = 0;
			defaultConfigurationName = Release;
		};
/* End XCConfigurationList section */

/* Begin XCRemoteSwiftPackageReference section */
		583FFFEB2F30903300E7724F /* XCRemoteSwiftPackageReference "Alamofire" */ = {
			isa = XCRemoteSwiftPackageReference;
			repositoryURL = "https://github.com/Alamofire/Alamofire.git";
			requirement = {
				kind = upToNextMajorVersion;
				minimumVersion = 5.11.1;
			};
		};
/* End XCRemoteSwiftPackageReference section */

/* Begin XCSwiftPackageProductDependency section */
		583FFFEC2F30903300E7724F /* Alamofire */ = {
			isa = XCSwiftPackageProductDependency;
			package = 583FFFEB2F30903300E7724F /* XCRemoteSwiftPackageReference "Alamofire" */;
			productName = Alamofire;
		};
/* End XCSwiftPackageProductDependency section */
	};
	rootObject = 583FFF3B2F2C7C2F00E7724F /* Project object */;
}
